// !$*UTF8*$!
{
	archiveVersion = 1;
	classes = {
	};
	objectVersion = 56;
	objects = {

/* Begin PBXBuildFile section */
		9528D585296C323100F563FC /* arrow-left-black.png in Resources */ = {isa = PBXBuildFile; fileRef = 9528D579296C323100F563FC /* arrow-left-black.png */; };
		9528D586296C323100F563FC /* arrow-down-red.png in Resources */ = {isa = PBXBuildFile; fileRef = 9528D57A296C323100F563FC /* arrow-down-red.png */; };
		9528D587296C323100F563FC /* arrow-down-green.png in Resources */ = {isa = PBXBuildFile; fileRef = 9528D57B296C323100F563FC /* arrow-down-green.png */; };
		9528D588296C323100F563FC /* arrow-left-red.png in Resources */ = {isa = PBXBuildFile; fileRef = 9528D57C296C323100F563FC /* arrow-left-red.png */; };
		9528D589296C323100F563FC /* arrow-down-black.png in Resources */ = {isa = PBXBuildFile; fileRef = 9528D57D296C323100F563FC /* arrow-down-black.png */; };
		9528D58A296C323100F563FC /* arrow-right-green.png in Resources */ = {isa = PBXBuildFile; fileRef = 9528D57E296C323100F563FC /* arrow-right-green.png */; };
		9528D58B296C323100F563FC /* arrow-up-green.png in Resources */ = {isa = PBXBuildFile; fileRef = 9528D57F296C323100F563FC /* arrow-up-green.png */; };
		9528D58C296C323100F563FC /* arrow-left-green.png in Resources */ = {isa = PBXBuildFile; fileRef = 9528D580296C323100F563FC /* arrow-left-green.png */; };
		9528D58D296C323100F563FC /* arrow-right-black.png in Resources */ = {isa = PBXBuildFile; fileRef = 9528D581296C323100F563FC /* arrow-right-black.png */; };
		9528D58E296C323100F563FC /* arrow-right-red.png in Resources */ = {isa = PBXBuildFile; fileRef = 9528D582296C323100F563FC /* arrow-right-red.png */; };
		9528D58F296C323100F563FC /* arrow-up-red.png in Resources */ = {isa = PBXBuildFile; fileRef = 9528D583296C323100F563FC /* arrow-up-red.png */; };
		9528D590296C323100F563FC /* arrow-up-black.png in Resources */ = {isa = PBXBuildFile; fileRef = 9528D584296C323100F563FC /* arrow-up-black.png */; };
		957C5D06296A9BEF008DFDDC /* AppDelegate.swift in Sources */ = {isa = PBXBuildFile; fileRef = 957C5D05296A9BEF008DFDDC /* AppDelegate.swift */; };
		957C5D08296A9BEF008DFDDC /* SceneDelegate.swift in Sources */ = {isa = PBXBuildFile; fileRef = 957C5D07296A9BEF008DFDDC /* SceneDelegate.swift */; };
		957C5D0A296A9BEF008DFDDC /* ViewController.swift in Sources */ = {isa = PBXBuildFile; fileRef = 957C5D09296A9BEF008DFDDC /* ViewController.swift */; };
		957C5D0D296A9BEF008DFDDC /* Main.storyboard in Resources */ = {isa = PBXBuildFile; fileRef = 957C5D0B296A9BEF008DFDDC /* Main.storyboard */; };
		957C5D0F296A9BF0008DFDDC /* Assets.xcassets in Resources */ = {isa = PBXBuildFile; fileRef = 957C5D0E296A9BF0008DFDDC /* Assets.xcassets */; };
		957C5D12296A9BF0008DFDDC /* LaunchScreen.storyboard in Resources */ = {isa = PBXBuildFile; fileRef = 957C5D10296A9BF0008DFDDC /* LaunchScreen.storyboard */; };
/* End PBXBuildFile section */

/* Begin PBXFileReference section */
		9528D579296C323100F563FC /* arrow-left-black.png */ = {isa = PBXFileReference; lastKnownFileType = image.png; path = "arrow-left-black.png"; sourceTree = "<group>"; };
		9528D57A296C323100F563FC /* arrow-down-red.png */ = {isa = PBXFileReference; lastKnownFileType = image.png; path = "arrow-down-red.png"; sourceTree = "<group>"; };
		9528D57B296C323100F563FC /* arrow-down-green.png */ = {isa = PBXFileReference; lastKnownFileType = image.png; path = "arrow-down-green.png"; sourceTree = "<group>"; };
		9528D57C296C323100F563FC /* arrow-left-red.png */ = {isa = PBXFileReference; lastKnownFileType = image.png; path = "arrow-left-red.png"; sourceTree = "<group>"; };
		9528D57D296C323100F563FC /* arrow-down-black.png */ = {isa = PBXFileReference; lastKnownFileType = image.png; path = "arrow-down-black.png"; sourceTree = "<group>"; };
		9528D57E296C323100F563FC /* arrow-right-green.png */ = {isa = PBXFileReference; lastKnownFileType = image.png; path = "arrow-right-green.png"; sourceTree = "<group>"; };
		9528D57F296C323100F563FC /* arrow-up-green.png */ = {isa = PBXFileReference; lastKnownFileType = image.png; path = "arrow-up-green.png"; sourceTree = "<group>"; };
		9528D580296C323100F563FC /* arrow-left-green.png */ = {isa = PBXFileReference; lastKnownFileType = image.png; path = "arrow-left-green.png"; sourceTree = "<group>"; };
		9528D581296C323100F563FC /* arrow-right-black.png */ = {isa = PBXFileReference; lastKnownFileType = image.png; path = "arrow-right-black.png"; sourceTree = "<group>"; };
		9528D582296C323100F563FC /* arrow-right-red.png */ = {isa = PBXFileReference; lastKnownFileType = image.png; path = "arrow-right-red.png"; sourceTree = "<group>"; };
		9528D583296C323100F563FC /* arrow-up-red.png */ = {isa = PBXFileReference; lastKnownFileType = image.png; path = "arrow-up-red.png"; sourceTree = "<group>"; };
		9528D584296C323100F563FC /* arrow-up-black.png */ = {isa = PBXFileReference; lastKnownFileType = image.png; path = "arrow-up-black.png"; sourceTree = "<group>"; };
		957C5D02296A9BEE008DFDDC /* 18.SwipeGestue.app */ = {isa = PBXFileReference; explicitFileType = wrapper.application; includeInIndex = 0; path = 18.SwipeGestue.app; sourceTree = BUILT_PRODUCTS_DIR; };
		957C5D05296A9BEF008DFDDC /* AppDelegate.swift */ = {isa = PBXFileReference; lastKnownFileType = sourcecode.swift; path = AppDelegate.swift; sourceTree = "<group>"; };
		957C5D07296A9BEF008DFDDC /* SceneDelegate.swift */ = {isa = PBXFileReference; lastKnownFileType = sourcecode.swift; path = SceneDelegate.swift; sourceTree = "<group>"; };
		957C5D09296A9BEF008DFDDC /* ViewController.swift */ = {isa = PBXFileReference; lastKnownFileType = sourcecode.swift; path = ViewController.swift; sourceTree = "<group>"; };
		957C5D0C296A9BEF008DFDDC /* Base */ = {isa = PBXFileReference; lastKnownFileType = file.storyboard; name = Base; path = Base.lproj/Main.storyboard; sourceTree = "<group>"; };
		957C5D0E296A9BF0008DFDDC /* Assets.xcassets */ = {isa = PBXFileReference; lastKnownFileType = folder.assetcatalog; path = Assets.xcassets; sourceTree = "<group>"; };
		957C5D11296A9BF0008DFDDC /* Base */ = {isa = PBXFileReference; lastKnownFileType = file.storyboard; name = Base; path = Base.lproj/LaunchScreen.storyboard; sourceTree = "<group>"; };
		957C5D13296A9BF0008DFDDC /* Info.plist */ = {isa = PBXFileReference; lastKnownFileType = text.plist.xml; path = Info.plist; sourceTree = "<group>"; };
/* End PBXFileReference section */

/* Begin PBXFrameworksBuildPhase section */
		957C5CFF296A9BEE008DFDDC /* Frameworks */ = {
			isa = PBXFrameworksBuildPhase;
			buildActionMask = 2147483647;
			files = (
			);
			runOnlyForDeploymentPostprocessing = 0;
		};
/* End PBXFrameworksBuildPhase section */

/* Begin PBXGroup section */
		9528D578296C31FF00F563FC /* images */ = {
			isa = PBXGroup;
			children = (
				9528D57D296C323100F563FC /* arrow-down-black.png */,
				9528D57B296C323100F563FC /* arrow-down-green.png */,
				9528D57A296C323100F563FC /* arrow-down-red.png */,
				9528D579296C323100F563FC /* arrow-left-black.png */,
				9528D580296C323100F563FC /* arrow-left-green.png */,
				9528D57C296C323100F563FC /* arrow-left-red.png */,
				9528D581296C323100F563FC /* arrow-right-black.png */,
				9528D57E296C323100F563FC /* arrow-right-green.png */,
				9528D582296C323100F563FC /* arrow-right-red.png */,
				9528D584296C323100F563FC /* arrow-up-black.png */,
				9528D57F296C323100F563FC /* arrow-up-green.png */,
				9528D583296C323100F563FC /* arrow-up-red.png */,
			);
			path = images;
			sourceTree = "<group>";
		};
		957C5CF9296A9BEE008DFDDC = {
			isa = PBXGroup;
			children = (
				957C5D04296A9BEE008DFDDC /* 18.SwipeGestue */,
				957C5D03296A9BEE008DFDDC /* Products */,
			);
			sourceTree = "<group>";
		};
		957C5D03296A9BEE008DFDDC /* Products */ = {
			isa = PBXGroup;
			children = (
				957C5D02296A9BEE008DFDDC /* 18.SwipeGestue.app */,
			);
			name = Products;
			sourceTree = "<group>";
		};
		957C5D04296A9BEE008DFDDC /* 18.SwipeGestue */ = {
			isa = PBXGroup;
			children = (
				9528D578296C31FF00F563FC /* images */,
				957C5D05296A9BEF008DFDDC /* AppDelegate.swift */,
				957C5D07296A9BEF008DFDDC /* SceneDelegate.swift */,
				957C5D09296A9BEF008DFDDC /* ViewController.swift */,
				957C5D0B296A9BEF008DFDDC /* Main.storyboard */,
				957C5D0E296A9BF0008DFDDC /* Assets.xcassets */,
				957C5D10296A9BF0008DFDDC /* LaunchScreen.storyboard */,
				957C5D13296A9BF0008DFDDC /* Info.plist */,
			);
			path = 18.SwipeGestue;
			sourceTree = "<group>";
		};
/* End PBXGroup section */

/* Begin PBXNativeTarget section */
		957C5D01296A9BEE008DFDDC /* 18.SwipeGestue */ = {
			isa = PBXNativeTarget;
			buildConfigurationList = 957C5D16296A9BF0008DFDDC /* Build configuration list for PBXNativeTarget "18.SwipeGestue" */;
			buildPhases = (
				957C5CFE296A9BEE008DFDDC /* Sources */,
				957C5CFF296A9BEE008DFDDC /* Frameworks */,
				957C5D00296A9BEE008DFDDC /* Resources */,
			);
			buildRules = (
			);
			dependencies = (
			);
			name = 18.SwipeGestue;
			productName = 18.SwipeGestue;
			productReference = 957C5D02296A9BEE008DFDDC /* 18.SwipeGestue.app */;
			productType = "com.apple.product-type.application";
		};
/* End PBXNativeTarget section */

/* Begin PBXProject section */
		957C5CFA296A9BEE008DFDDC /* Project object */ = {
			isa = PBXProject;
			attributes = {
				BuildIndependentTargetsInParallel = 1;
				LastSwiftUpdateCheck = 1420;
				LastUpgradeCheck = 1420;
				TargetAttributes = {
					957C5D01296A9BEE008DFDDC = {
						CreatedOnToolsVersion = 14.2;
					};
				};
			};
			buildConfigurationList = 957C5CFD296A9BEE008DFDDC /* Build configuration list for PBXProject "18.SwipeGestue" */;
			compatibilityVersion = "Xcode 14.0";
			developmentRegion = en;
			hasScannedForEncodings = 0;
			knownRegions = (
				en,
				Base,
			);
			mainGroup = 957C5CF9296A9BEE008DFDDC;
			productRefGroup = 957C5D03296A9BEE008DFDDC /* Products */;
			projectDirPath = "";
			projectRoot = "";
			targets = (
				957C5D01296A9BEE008DFDDC /* 18.SwipeGestue */,
			);
		};
/* End PBXProject section */

/* Begin PBXResourcesBuildPhase section */
		957C5D00296A9BEE008DFDDC /* Resources */ = {
			isa = PBXResourcesBuildPhase;
			buildActionMask = 2147483647;
			files = (
				9528D586296C323100F563FC /* arrow-down-red.png in Resources */,
				9528D589296C323100F563FC /* arrow-down-black.png in Resources */,
				9528D58E296C323100F563FC /* arrow-right-red.png in Resources */,
				9528D585296C323100F563FC /* arrow-left-black.png in Resources */,
				9528D588296C323100F563FC /* arrow-left-red.png in Resources */,
				9528D58D296C323100F563FC /* arrow-right-black.png in Resources */,
				9528D58B296C323100F563FC /* arrow-up-green.png in Resources */,
				957C5D12296A9BF0008DFDDC /* LaunchScreen.storyboard in Resources */,
				9528D58A296C323100F563FC /* arrow-right-green.png in Resources */,
				9528D58C296C323100F563FC /* arrow-left-green.png in Resources */,
				9528D587296C323100F563FC /* arrow-down-green.png in Resources */,
				9528D590296C323100F563FC /* arrow-up-black.png in Resources */,
				957C5D0F296A9BF0008DFDDC /* Assets.xcassets in Resources */,
				9528D58F296C323100F563FC /* arrow-up-red.png in Resources */,
				957C5D0D296A9BEF008DFDDC /* Main.storyboard in Resources */,
			);
			runOnlyForDeploymentPostprocessing = 0;
		};
/* End PBXResourcesBuildPhase section */

/* Begin PBXSourcesBuildPhase section */
		957C5CFE296A9BEE008DFDDC /* Sources */ = {
			isa = PBXSourcesBuildPhase;
			buildActionMask = 2147483647;
			files = (
				957C5D0A296A9BEF008DFDDC /* ViewController.swift in Sources */,
				957C5D06296A9BEF008DFDDC /* AppDelegate.swift in Sources */,
				957C5D08296A9BEF008DFDDC /* SceneDelegate.swift in Sources */,
			);
			runOnlyForDeploymentPostprocessing = 0;
		};
/* End PBXSourcesBuildPhase section */

/* Begin PBXVariantGroup section */
		957C5D0B296A9BEF008DFDDC /* Main.storyboard */ = {
			isa = PBXVariantGroup;
			children = (
				957C5D0C296A9BEF008DFDDC /* Base */,
			);
			name = Main.storyboard;
			sourceTree = "<group>";
		};
		957C5D10296A9BF0008DFDDC /* LaunchScreen.storyboard */ = {
			isa = PBXVariantGroup;
			children = (
				957C5D11296A9BF0008DFDDC /* Base */,
			);
			name = LaunchScreen.storyboard;
			sourceTree = "<group>";
		};
/* End PBXVariantGroup section */

/* Begin XCBuildConfiguration section */
		957C5D14296A9BF0008DFDDC /* Debug */ = {
			isa = XCBuildConfiguration;
			buildSettings = {
				ALWAYS_SEARCH_USER_PATHS = NO;
				CLANG_ANALYZER_NONNULL = YES;
				CLANG_ANALYZER_NUMBER_OBJECT_CONVERSION = YES_AGGRESSIVE;
				CLANG_CXX_LANGUAGE_STANDARD = "gnu++20";
				CLANG_ENABLE_MODULES = YES;
				CLANG_ENABLE_OBJC_ARC = YES;
				CLANG_ENABLE_OBJC_WEAK = YES;
				CLANG_WARN_BLOCK_CAPTURE_AUTORELEASING = YES;
				CLANG_WARN_BOOL_CONVERSION = YES;
				CLANG_WARN_COMMA = YES;
				CLANG_WARN_CONSTANT_CONVERSION = YES;
				CLANG_WARN_DEPRECATED_OBJC_IMPLEMENTATIONS = YES;
				CLANG_WARN_DIRECT_OBJC_ISA_USAGE = YES_ERROR;
				CLANG_WARN_DOCUMENTATION_COMMENTS = YES;
				CLANG_WARN_EMPTY_BODY = YES;
				CLANG_WARN_ENUM_CONVERSION = YES;
				CLANG_WARN_INFINITE_RECURSION = YES;
				CLANG_WARN_INT_CONVERSION = YES;
				CLANG_WARN_NON_LITERAL_NULL_CONVERSION = YES;
				CLANG_WARN_OBJC_IMPLICIT_RETAIN_SELF = YES;
				CLANG_WARN_OBJC_LITERAL_CONVERSION = YES;
				CLANG_WARN_OBJC_ROOT_CLASS = YES_ERROR;
				CLANG_WARN_QUOTED_INCLUDE_IN_FRAMEWORK_HEADER = YES;
				CLANG_WARN_RANGE_LOOP_ANALYSIS = YES;
				CLANG_WARN_STRICT_PROTOTYPES = YES;
				CLANG_WARN_SUSPICIOUS_MOVE = YES;
				CLANG_WARN_UNGUARDED_AVAILABILITY = YES_AGGRESSIVE;
				CLANG_WARN_UNREACHABLE_CODE = YES;
				CLANG_WARN__DUPLICATE_METHOD_MATCH = YES;
				COPY_PHASE_STRIP = NO;
				DEBUG_INFORMATION_FORMAT = dwarf;
				ENABLE_STRICT_OBJC_MSGSEND = YES;
				ENABLE_TESTABILITY = YES;
				GCC_C_LANGUAGE_STANDARD = gnu11;
				GCC_DYNAMIC_NO_PIC = NO;
				GCC_NO_COMMON_BLOCKS = YES;
				GCC_OPTIMIZATION_LEVEL = 0;
				GCC_PREPROCESSOR_DEFINITIONS = (
					"DEBUG=1",
					"$(inherited)",
				);
				GCC_WARN_64_TO_32_BIT_CONVERSION = YES;
				GCC_WARN_ABOUT_RETURN_TYPE = YES_ERROR;
				GCC_WARN_UNDECLARED_SELECTOR = YES;
				GCC_WARN_UNINITIALIZED_AUTOS = YES_AGGRESSIVE;
				GCC_WARN_UNUSED_FUNCTION = YES;
				GCC_WARN_UNUSED_VARIABLE = YES;
				IPHONEOS_DEPLOYMENT_TARGET = 16.2;
				MTL_ENABLE_DEBUG_INFO = INCLUDE_SOURCE;
				MTL_FAST_MATH = YES;
				ONLY_ACTIVE_ARCH = YES;
				SDKROOT = iphoneos;
				SWIFT_ACTIVE_COMPILATION_CONDITIONS = DEBUG;
				SWIFT_OPTIMIZATION_LEVEL = "-Onone";
			};
			name = Debug;
		};
		957C5D15296A9BF0008DFDDC /* Release */ = {
			isa = XCBuildConfiguration;
			buildSettings = {
				ALWAYS_SEARCH_USER_PATHS = NO;
				CLANG_ANALYZER_NONNULL = YES;
				CLANG_ANALYZER_NUMBER_OBJECT_CONVERSION = YES_AGGRESSIVE;
				CLANG_CXX_LANGUAGE_STANDARD = "gnu++20";
				CLANG_ENABLE_MODULES = YES;
				CLANG_ENABLE_OBJC_ARC = YES;
				CLANG_ENABLE_OBJC_WEAK = YES;
				CLANG_WARN_BLOCK_CAPTURE_AUTORELEASING = YES;
				CLANG_WARN_BOOL_CONVERSION = YES;
				CLANG_WARN_COMMA = YES;
				CLANG_WARN_CONSTANT_CONVERSION = YES;
				CLANG_WARN_DEPRECATED_OBJC_IMPLEMENTATIONS = YES;
				CLANG_WARN_DIRECT_OBJC_ISA_USAGE = YES_ERROR;
				CLANG_WARN_DOCUMENTATION_COMMENTS = YES;
				CLANG_WARN_EMPTY_BODY = YES;
				CLANG_WARN_ENUM_CONVERSION = YES;
				CLANG_WARN_INFINITE_RECURSION = YES;
				CLANG_WARN_INT_CONVERSION = YES;
				CLANG_WARN_NON_LITERAL_NULL_CONVERSION = YES;
				CLANG_WARN_OBJC_IMPLICIT_RETAIN_SELF = YES;
				CLANG_WARN_OBJC_LITERAL_CONVERSION = YES;
				CLANG_WARN_OBJC_ROOT_CLASS = YES_ERROR;
				CLANG_WARN_QUOTED_INCLUDE_IN_FRAMEWORK_HEADER = YES;
				CLANG_WARN_RANGE_LOOP_ANALYSIS = YES;
				CLANG_WARN_STRICT_PROTOTYPES = YES;
				CLANG_WARN_SUSPICIOUS_MOVE = YES;
				CLANG_WARN_UNGUARDED_AVAILABILITY = YES_AGGRESSIVE;
				CLANG_WARN_UNREACHABLE_CODE = YES;
				CLANG_WARN__DUPLICATE_METHOD_MATCH = YES;
				COPY_PHASE_STRIP = NO;
				DEBUG_INFORMATION_FORMAT = "dwarf-with-dsym";
				ENABLE_NS_ASSERTIONS = NO;
				ENABLE_STRICT_OBJC_MSGSEND = YES;
				GCC_C_LANGUAGE_STANDARD = gnu11;
				GCC_NO_COMMON_BLOCKS = YES;
				GCC_WARN_64_TO_32_BIT_CONVERSION = YES;
				GCC_WARN_ABOUT_RETURN_TYPE = YES_ERROR;
				GCC_WARN_UNDECLARED_SELECTOR = YES;
				GCC_WARN_UNINITIALIZED_AUTOS = YES_AGGRESSIVE;
				GCC_WARN_UNUSED_FUNCTION = YES;
				GCC_WARN_UNUSED_VARIABLE = YES;
				IPHONEOS_DEPLOYMENT_TARGET = 16.2;
				MTL_ENABLE_DEBUG_INFO = NO;
				MTL_FAST_MATH = YES;
				SDKROOT = iphoneos;
				SWIFT_COMPILATION_MODE = wholemodule;
				SWIFT_OPTIMIZATION_LEVEL = "-O";
				VALIDATE_PRODUCT = YES;
			};
			name = Release;
		};
		957C5D17296A9BF0008DFDDC /* Debug */ = {
			isa = XCBuildConfiguration;
			buildSettings = {
				ASSETCATALOG_COMPILER_APPICON_NAME = AppIcon;
				ASSETCATALOG_COMPILER_GLOBAL_ACCENT_COLOR_NAME = AccentColor;
				CODE_SIGN_STYLE = Automatic;
				CURRENT_PROJECT_VERSION = 1;
				DEVELOPMENT_TEAM = 55W3W592W7;
				GENERATE_INFOPLIST_FILE = YES;
				INFOPLIST_FILE = 18.SwipeGestue/Info.plist;
				INFOPLIST_KEY_UIApplicationSupportsIndirectInputEvents = YES;
				INFOPLIST_KEY_UILaunchStoryboardName = LaunchScreen;
				INFOPLIST_KEY_UIMainStoryboardFile = Main;
				INFOPLIST_KEY_UISupportedInterfaceOrientations_iPad = "UIInterfaceOrientationPortrait UIInterfaceOrientationPortraitUpsideDown UIInterfaceOrientationLandscapeLeft UIInterfaceOrientationLandscapeRight";
				INFOPLIST_KEY_UISupportedInterfaceOrientations_iPhone = "UIInterfaceOrientationPortrait UIInterfaceOrientationLandscapeLeft UIInterfaceOrientationLandscapeRight";
				LD_RUNPATH_SEARCH_PATHS = (
					"$(inherited)",
					"@executable_path/Frameworks",
				);
				MARKETING_VERSION = 1.0;
				PRODUCT_BUNDLE_IDENTIFIER = "com.es.-8-SwipeGestue";
				PRODUCT_NAME = "$(TARGET_NAME)";
				SWIFT_EMIT_LOC_STRINGS = YES;
				SWIFT_VERSION = 5.0;
				TARGETED_DEVICE_FAMILY = "1,2";
			};
			name = Debug;
		};
		957C5D18296A9BF0008DFDDC /* Release */ = {
			isa = XCBuildConfiguration;
			buildSettings = {
				ASSETCATALOG_COMPILER_APPICON_NAME = AppIcon;
				ASSETCATALOG_COMPILER_GLOBAL_ACCENT_COLOR_NAME = AccentColor;
				CODE_SIGN_STYLE = Automatic;
				CURRENT_PROJECT_VERSION = 1;
				DEVELOPMENT_TEAM = 55W3W592W7;
				GENERATE_INFOPLIST_FILE = YES;
				INFOPLIST_FILE = 18.SwipeGestue/Info.plist;
				INFOPLIST_KEY_UIApplicationSupportsIndirectInputEvents = YES;
				INFOPLIST_KEY_UILaunchStoryboardName = LaunchScreen;
				INFOPLIST_KEY_UIMainStoryboardFile = Main;
				INFOPLIST_KEY_UISupportedInterfaceOrientations_iPad = "UIInterfaceOrientationPortrait UIInterfaceOrientationPortraitUpsideDown UIInterfaceOrientationLandscapeLeft UIInterfaceOrientationLandscapeRight";
				INFOPLIST_KEY_UISupportedInterfaceOrientations_iPhone = "UIInterfaceOrientationPortrait UIInterfaceOrientationLandscapeLeft UIInterfaceOrientationLandscapeRight";
				LD_RUNPATH_SEARCH_PATHS = (
					"$(inherited)",
					"@executable_path/Frameworks",
				);
				MARKETING_VERSION = 1.0;
				PRODUCT_BUNDLE_IDENTIFIER = "com.es.-8-SwipeGestue";
				PRODUCT_NAME = "$(TARGET_NAME)";
				SWIFT_EMIT_LOC_STRINGS = YES;
				SWIFT_VERSION = 5.0;
				TARGETED_DEVICE_FAMILY = "1,2";
			};
			name = Release;
		};
/* End XCBuildConfiguration section */

/* Begin XCConfigurationList section */
		957C5CFD296A9BEE008DFDDC /* Build configuration list for PBXProject "18.SwipeGestue" */ = {
			isa = XCConfigurationList;
			buildConfigurations = (
				957C5D14296A9BF0008DFDDC /* Debug */,
				957C5D15296A9BF0008DFDDC /* Release */,
			);
			defaultConfigurationIsVisible = 0;
			defaultConfigurationName = Release;
		};
		957C5D16296A9BF0008DFDDC /* Build configuration list for PBXNativeTarget "18.SwipeGestue" */ = {
			isa = XCConfigurationList;
			buildConfigurations = (
				957C5D17296A9BF0008DFDDC /* Debug */,
				957C5D18296A9BF0008DFDDC /* Release */,
			);
			defaultConfigurationIsVisible = 0;
			defaultConfigurationName = Release;
		};
/* End XCConfigurationList section */
	};
	rootObject = 957C5CFA296A9BEE008DFDDC /* Project object */;
}
